
Microsoft Visual Studio Solution File, Format Version 12.00
# Visual Studio Version 17
VisualStudioVersion = 17.9.34728.123
MinimumVisualStudioVersion = 10.0.40219.1
Project("{888888A0-9F3D-457C-B088-3A5042F75D52}") = "AnnualQA", "AnnualQA.pyproj", "{36E7C2D1-52A2-4794-83CD-E39017A0BF0E}"
EndProject
Global
	GlobalSection(SolutionConfigurationPlatforms) = preSolution
		Debug|Any CPU = Debug|Any CPU
		Release|Any CPU = Release|Any CPU
	EndGlobalSection
	GlobalSection(ProjectConfigurationPlatforms) = postSolution
		{36E7C2D1-52A2-4794-83CD-E39017A0BF0E}.Debug|Any CPU.ActiveCfg = Debug|Any CPU
		{36E7C2D1-52A2-4794-83CD-E39017A0BF0E}.Release|Any CPU.ActiveCfg = Release|Any CPU
	EndGlobalSection
	GlobalSection(SolutionProperties) = preSolution
		HideSolutionNode = FALSE
	EndGlobalSection
	GlobalSection(ExtensibilityGlobals) = postSolution
		SolutionGuid = {BD6453EF-DD6B-487C-9ED7-5409449E739B}
	EndGlobalSection
EndGlobal
